{
	"name": "smart3ai-landing",
	"version": "1.0.0",
	"lockfileVersion": 3,
	"requires": true,
	"packages": {
		"": {
			"name": "smart3ai-landing",
			"version": "1.0.0",
			"dependencies": {
				"dotenv": "^17.4.1",
				"sweetalert2": "^11.26.24"
			}
		},
		"node_modules/dotenv": {
			"version": "17.4.1",
			"resolved": "https://registry.npmjs.org/dotenv/-/dotenv-17.4.1.tgz",
			"integrity": "sha512-k8DaKGP6r1G30Lx8V4+pCsLzKr8vLmV2paqEj1Y55GdAgJuIqpRp5FfajGF8KtwMxCz9qJc6wUIJnm053d/WCw==",
			"license": "BSD-2-Clause",
			"engines": {
				"node": ">=12"
			},
			"funding": {
				"url": "https://dotenvx.com"
			}
		},
		"node_modules/sweetalert2": {
			"version": "11.26.24",
			"resolved": "https://registry.npmjs.org/sweetalert2/-/sweetalert2-11.26.24.tgz",
			"integrity": "sha512-SLgukW4wicewpW5VOukSXY5Z6DL/z7HCOK2ODSjmQPiSphCN8gJAmh9npoceXOtBRNoDN0xIz+zHYthtfiHmjg==",
			"license": "MIT",
			"funding": {
				"type": "individual",
				"url": "https://github.com/sponsors/limonte"
			}
		}
	}
}
